
Microsoft Visual Studio Solution File, Format Version 12.00
# Visual Studio Version 16
VisualStudioVersion = 16.0.30225.117
MinimumVisualStudioVersion = 10.0.40219.1
Project("{FAE04EC0-301F-11D3-BF4B-00C04F79EFBC}") = "Financeiro", "Financeiro\Financeiro.csproj", "{E90733B4-E3B2-4F28-9562-C5006E19EB25}"
EndProject
Project("{FAE04EC0-301F-11D3-BF4B-00C04F79EFBC}") = "Financeiro.Testes", "Financeiro.Testes\Financeiro.Testes.csproj", "{B865ACFD-C7A9-4BD9-85EF-ABB58D07A1E3}"
EndProject
Global
	GlobalSection(SolutionConfigurationPlatforms) = preSolution
		Debug|Any CPU = Debug|Any CPU
		Release|Any CPU = Release|Any CPU
	EndGlobalSection
	GlobalSection(ProjectConfigurationPlatforms) = postSolution
		{E90733B4-E3B2-4F28-9562-C5006E19EB25}.Debug|Any CPU.ActiveCfg = Debug|Any CPU
		{E90733B4-E3B2-4F28-9562-C5006E19EB25}.Debug|Any CPU.Build.0 = Debug|Any CPU
		{E90733B4-E3B2-4F28-9562-C5006E19EB25}.Release|Any CPU.ActiveCfg = Release|Any CPU
		{E90733B4-E3B2-4F28-9562-C5006E19EB25}.Release|Any CPU.Build.0 = Release|Any CPU
		{B865ACFD-C7A9-4BD9-85EF-ABB58D07A1E3}.Debug|Any CPU.ActiveCfg = Debug|Any CPU
		{B865ACFD-C7A9-4BD9-85EF-ABB58D07A1E3}.Debug|Any CPU.Build.0 = Debug|Any CPU
		{B865ACFD-C7A9-4BD9-85EF-ABB58D07A1E3}.Release|Any CPU.ActiveCfg = Release|Any CPU
		{B865ACFD-C7A9-4BD9-85EF-ABB58D07A1E3}.Release|Any CPU.Build.0 = Release|Any CPU
	EndGlobalSection
	GlobalSection(SolutionProperties) = preSolution
		HideSolutionNode = FALSE
	EndGlobalSection
	GlobalSection(ExtensibilityGlobals) = postSolution
		SolutionGuid = {A806D294-C99F-4879-863F-8D8E00B818D4}
	EndGlobalSection
EndGlobal
